// !$*UTF8*$!
{
	archiveVersion = 1;
	classes = {
	};
	objectVersion = 50;
	objects = {

/* Begin PBXBuildFile section */
		2B75D4F05781616A0DFA92F0 /* Pods_Epic.framework in Frameworks */ = {isa = PBXBuildFile; fileRef = A075CDAEBDB8B0718D523042 /* Pods_Epic.framework */; };
		616321F722370FB600FF1213 /* AppDelegate.swift in Sources */ = {isa = PBXBuildFile; fileRef = 616321F622370FB600FF1213 /* AppDelegate.swift */; };
		616321F922370FB600FF1213 /* ViewController.swift in Sources */ = {isa = PBXBuildFile; fileRef = 616321F822370FB600FF1213 /* ViewController.swift */; };
		616321FC22370FB600FF1213 /* Main.storyboard in Resources */ = {isa = PBXBuildFile; fileRef = 616321FA22370FB600FF1213 /* Main.storyboard */; };
		616321FF22370FB600FF1213 /* Epic.xcdatamodeld in Sources */ = {isa = PBXBuildFile; fileRef = 616321FD22370FB600FF1213 /* Epic.xcdatamodeld */; };
		6163220122370FB800FF1213 /* Assets.xcassets in Resources */ = {isa = PBXBuildFile; fileRef = 6163220022370FB800FF1213 /* Assets.xcassets */; };
		6163220422370FB800FF1213 /* LaunchScreen.storyboard in Resources */ = {isa = PBXBuildFile; fileRef = 6163220222370FB800FF1213 /* LaunchScreen.storyboard */; };
/* End PBXBuildFile section */

/* Begin PBXFileReference section */
		267659C7F81CE7DACA719451 /* Pods-Epic.debug.xcconfig */ = {isa = PBXFileReference; includeInIndex = 1; lastKnownFileType = text.xcconfig; name = "Pods-Epic.debug.xcconfig"; path = "Pods/Target Support Files/Pods-Epic/Pods-Epic.debug.xcconfig"; sourceTree = "<group>"; };
		616321F322370FB600FF1213 /* Epic.app */ = {isa = PBXFileReference; explicitFileType = wrapper.application; includeInIndex = 0; path = Epic.app; sourceTree = BUILT_PRODUCTS_DIR; };
		616321F622370FB600FF1213 /* AppDelegate.swift */ = {isa = PBXFileReference; lastKnownFileType = sourcecode.swift; path = AppDelegate.swift; sourceTree = "<group>"; };
		616321F822370FB600FF1213 /* ViewController.swift */ = {isa = PBXFileReference; lastKnownFileType = sourcecode.swift; path = ViewController.swift; sourceTree = "<group>"; };
		616321FB22370FB600FF1213 /* Base */ = {isa = PBXFileReference; lastKnownFileType = file.storyboard; name = Base; path = Base.lproj/Main.storyboard; sourceTree = "<group>"; };
		616321FE22370FB600FF1213 /* Epic.xcdatamodel */ = {isa = PBXFileReference; lastKnownFileType = wrapper.xcdatamodel; path = Epic.xcdatamodel; sourceTree = "<group>"; };
		6163220022370FB800FF1213 /* Assets.xcassets */ = {isa = PBXFileReference; lastKnownFileType = folder.assetcatalog; path = Assets.xcassets; sourceTree = "<group>"; };
		6163220322370FB800FF1213 /* Base */ = {isa = PBXFileReference; lastKnownFileType = file.storyboard; name = Base; path = Base.lproj/LaunchScreen.storyboard; sourceTree = "<group>"; };
		6163220522370FB800FF1213 /* Info.plist */ = {isa = PBXFileReference; lastKnownFileType = text.plist.xml; path = Info.plist; sourceTree = "<group>"; };
		A075CDAEBDB8B0718D523042 /* Pods_Epic.framework */ = {isa = PBXFileReference; explicitFileType = wrapper.framework; includeInIndex = 0; path = Pods_Epic.framework; sourceTree = BUILT_PRODUCTS_DIR; };
		AA272AEDD4472C39251649AF /* Pods-Epic.release.xcconfig */ = {isa = PBXFileReference; includeInIndex = 1; lastKnownFileType = text.xcconfig; name = "Pods-Epic.release.xcconfig"; path = "Pods/Target Support Files/Pods-Epic/Pods-Epic.release.xcconfig"; sourceTree = "<group>"; };
/* End PBXFileReference section */

/* Begin PBXFrameworksBuildPhase section */
		616321F022370FB600FF1213 /* Frameworks */ = {
			isa = PBXFrameworksBuildPhase;
			buildActionMask = 2147483647;
			files = (
				2B75D4F05781616A0DFA92F0 /* Pods_Epic.framework in Frameworks */,
			);
			runOnlyForDeploymentPostprocessing = 0;
		};
/* End PBXFrameworksBuildPhase section */

/* Begin PBXGroup section */
		4EEA886DDDDEBF1212C33153 /* Frameworks */ = {
			isa = PBXGroup;
			children = (
				A075CDAEBDB8B0718D523042 /* Pods_Epic.framework */,
			);
			name = Frameworks;
			sourceTree = "<group>";
		};
		616321EA22370FB600FF1213 = {
			isa = PBXGroup;
			children = (
				616321F522370FB600FF1213 /* Epic */,
				616321F422370FB600FF1213 /* Products */,
				F8921BBE9A28B9120F44F86E /* Pods */,
				4EEA886DDDDEBF1212C33153 /* Frameworks */,
			);
			sourceTree = "<group>";
		};
		616321F422370FB600FF1213 /* Products */ = {
			isa = PBXGroup;
			children = (
				616321F322370FB600FF1213 /* Epic.app */,
			);
			name = Products;
			sourceTree = "<group>";
		};
		616321F522370FB600FF1213 /* Epic */ = {
			isa = PBXGroup;
			children = (
				616321F622370FB600FF1213 /* AppDelegate.swift */,
				616321F822370FB600FF1213 /* ViewController.swift */,
				616321FA22370FB600FF1213 /* Main.storyboard */,
				6163220022370FB800FF1213 /* Assets.xcassets */,
				6163220222370FB800FF1213 /* LaunchScreen.storyboard */,
				6163220522370FB800FF1213 /* Info.plist */,
				616321FD22370FB600FF1213 /* Epic.xcdatamodeld */,
			);
			path = Epic;
			sourceTree = "<group>";
		};
		F8921BBE9A28B9120F44F86E /* Pods */ = {
			isa = PBXGroup;
			children = (
				267659C7F81CE7DACA719451 /* Pods-Epic.debug.xcconfig */,
				AA272AEDD4472C39251649AF /* Pods-Epic.release.xcconfig */,
			);
			name = Pods;
			sourceTree = "<group>";
		};
/* End PBXGroup section */

/* Begin PBXNativeTarget section */
		616321F222370FB600FF1213 /* Epic */ = {
			isa = PBXNativeTarget;
			buildConfigurationList = 6163220822370FB800FF1213 /* Build configuration list for PBXNativeTarget "Epic" */;
			buildPhases = (
				60BC360AB868D97AEF0A350A /* [CP] Check Pods Manifest.lock */,
				616321EF22370FB600FF1213 /* Sources */,
				616321F022370FB600FF1213 /* Frameworks */,
				616321F122370FB600FF1213 /* Resources */,
				4459F7D904A8AD90C279CC16 /* [CP] Embed Pods Frameworks */,
			);
			buildRules = (
			);
			dependencies = (
			);
			name = Epic;
			productName = Epic;
			productReference = 616321F322370FB600FF1213 /* Epic.app */;
			productType = "com.apple.product-type.application";
		};
/* End PBXNativeTarget section */

/* Begin PBXProject section */
		616321EB22370FB600FF1213 /* Project object */ = {
			isa = PBXProject;
			attributes = {
				LastSwiftUpdateCheck = 1010;
				LastUpgradeCheck = 1010;
				ORGANIZATIONNAME = Epic;
				TargetAttributes = {
					616321F222370FB600FF1213 = {
						CreatedOnToolsVersion = 10.1;
					};
				};
			};
			buildConfigurationList = 616321EE22370FB600FF1213 /* Build configuration list for PBXProject "Epic" */;
			compatibilityVersion = "Xcode 9.3";
			developmentRegion = en;
			hasScannedForEncodings = 0;
			knownRegions = (
				en,
				Base,
			);
			mainGroup = 616321EA22370FB600FF1213;
			productRefGroup = 616321F422370FB600FF1213 /* Products */;
			projectDirPath = "";
			projectRoot = "";
			targets = (
				616321F222370FB600FF1213 /* Epic */,
			);
		};
/* End PBXProject section */

/* Begin PBXResourcesBuildPhase section */
		616321F122370FB600FF1213 /* Resources */ = {
			isa = PBXResourcesBuildPhase;
			buildActionMask = 2147483647;
			files = (
				6163220422370FB800FF1213 /* LaunchScreen.storyboard in Resources */,
				6163220122370FB800FF1213 /* Assets.xcassets in Resources */,
				616321FC22370FB600FF1213 /* Main.storyboard in Resources */,
			);
			runOnlyForDeploymentPostprocessing = 0;
		};
/* End PBXResourcesBuildPhase section */

/* Begin PBXShellScriptBuildPhase section */
		4459F7D904A8AD90C279CC16 /* [CP] Embed Pods Frameworks */ = {
			isa = PBXShellScriptBuildPhase;
			buildActionMask = 2147483647;
			files = (
			);
			inputPaths = (
				"${SRCROOT}/Pods/Target Support Files/Pods-Epic/Pods-Epic-frameworks.sh",
				"${BUILT_PRODUCTS_DIR}/Pulley/Pulley.framework",
			);
			name = "[CP] Embed Pods Frameworks";
			outputPaths = (
				"${TARGET_BUILD_DIR}/${FRAMEWORKS_FOLDER_PATH}/Pulley.framework",
			);
			runOnlyForDeploymentPostprocessing = 0;
			shellPath = /bin/sh;
			shellScript = "\"${SRCROOT}/Pods/Target Support Files/Pods-Epic/Pods-Epic-frameworks.sh\"\n";
			showEnvVarsInLog = 0;
		};
		60BC360AB868D97AEF0A350A /* [CP] Check Pods Manifest.lock */ = {
			isa = PBXShellScriptBuildPhase;
			buildActionMask = 2147483647;
			files = (
			);
			inputPaths = (
				"${PODS_PODFILE_DIR_PATH}/Podfile.lock",
				"${PODS_ROOT}/Manifest.lock",
			);
			name = "[CP] Check Pods Manifest.lock";
			outputPaths = (
				"$(DERIVED_FILE_DIR)/Pods-Epic-checkManifestLockResult.txt",
			);
			runOnlyForDeploymentPostprocessing = 0;
			shellPath = /bin/sh;
			shellScript = "diff \"${PODS_PODFILE_DIR_PATH}/Podfile.lock\" \"${PODS_ROOT}/Manifest.lock\" > /dev/null\nif [ $? != 0 ] ; then\n    # print error to STDERR\n    echo \"error: The sandbox is not in sync with the Podfile.lock. Run 'pod install' or update your CocoaPods installation.\" >&2\n    exit 1\nfi\n# This output is used by Xcode 'outputs' to avoid re-running this script phase.\necho \"SUCCESS\" > \"${SCRIPT_OUTPUT_FILE_0}\"\n";
			showEnvVarsInLog = 0;
		};
/* End PBXShellScriptBuildPhase section */

/* Begin PBXSourcesBuildPhase section */
		616321EF22370FB600FF1213 /* Sources */ = {
			isa = PBXSourcesBuildPhase;
			buildActionMask = 2147483647;
			files = (
				616321F922370FB600FF1213 /* ViewController.swift in Sources */,
				616321FF22370FB600FF1213 /* Epic.xcdatamodeld in Sources */,
				616321F722370FB600FF1213 /* AppDelegate.swift in Sources */,
			);
			runOnlyForDeploymentPostprocessing = 0;
		};
/* End PBXSourcesBuildPhase section */

/* Begin PBXVariantGroup section */
		616321FA22370FB600FF1213 /* Main.storyboard */ = {
			isa = PBXVariantGroup;
			children = (
				616321FB22370FB600FF1213 /* Base */,
			);
			name = Main.storyboard;
			sourceTree = "<group>";
		};
		6163220222370FB800FF1213 /* LaunchScreen.storyboard */ = {
			isa = PBXVariantGroup;
			children = (
				6163220322370FB800FF1213 /* Base */,
			);
			name = LaunchScreen.storyboard;
			sourceTree = "<group>";
		};
/* End PBXVariantGroup section */

/* Begin XCBuildConfiguration section */
		6163220622370FB800FF1213 /* Debug */ = {
			isa = XCBuildConfiguration;
			buildSettings = {
				ALWAYS_SEARCH_USER_PATHS = NO;
				CLANG_ANALYZER_NONNULL = YES;
				CLANG_ANALYZER_NUMBER_OBJECT_CONVERSION = YES_AGGRESSIVE;
				CLANG_CXX_LANGUAGE_STANDARD = "gnu++14";
				CLANG_CXX_LIBRARY = "libc++";
				CLANG_ENABLE_MODULES = YES;
				CLANG_ENABLE_OBJC_ARC = YES;
				CLANG_ENABLE_OBJC_WEAK = YES;
				CLANG_WARN_BLOCK_CAPTURE_AUTORELEASING = YES;
				CLANG_WARN_BOOL_CONVERSION = YES;
				CLANG_WARN_COMMA = YES;
				CLANG_WARN_CONSTANT_CONVERSION = YES;
				CLANG_WARN_DEPRECATED_OBJC_IMPLEMENTATIONS = YES;
				CLANG_WARN_DIRECT_OBJC_ISA_USAGE = YES_ERROR;
				CLANG_WARN_DOCUMENTATION_COMMENTS = YES;
				CLANG_WARN_EMPTY_BODY = YES;
				CLANG_WARN_ENUM_CONVERSION = YES;
				CLANG_WARN_INFINITE_RECURSION = YES;
				CLANG_WARN_INT_CONVERSION = YES;
				CLANG_WARN_NON_LITERAL_NULL_CONVERSION = YES;
				CLANG_WARN_OBJC_IMPLICIT_RETAIN_SELF = YES;
				CLANG_WARN_OBJC_LITERAL_CONVERSION = YES;
				CLANG_WARN_OBJC_ROOT_CLASS = YES_ERROR;
				CLANG_WARN_RANGE_LOOP_ANALYSIS = YES;
				CLANG_WARN_STRICT_PROTOTYPES = YES;
				CLANG_WARN_SUSPICIOUS_MOVE = YES;
				CLANG_WARN_UNGUARDED_AVAILABILITY = YES_AGGRESSIVE;
				CLANG_WARN_UNREACHABLE_CODE = YES;
				CLANG_WARN__DUPLICATE_METHOD_MATCH = YES;
				CODE_SIGN_IDENTITY = "iPhone Developer";
				COPY_PHASE_STRIP = NO;
				DEBUG_INFORMATION_FORMAT = dwarf;
				ENABLE_STRICT_OBJC_MSGSEND = YES;
				ENABLE_TESTABILITY = YES;
				GCC_C_LANGUAGE_STANDARD = gnu11;
				GCC_DYNAMIC_NO_PIC = NO;
				GCC_NO_COMMON_BLOCKS = YES;
				GCC_OPTIMIZATION_LEVEL = 0;
				GCC_PREPROCESSOR_DEFINITIONS = (
					"DEBUG=1",
					"$(inherited)",
				);
				GCC_WARN_64_TO_32_BIT_CONVERSION = YES;
				GCC_WARN_ABOUT_RETURN_TYPE = YES_ERROR;
				GCC_WARN_UNDECLARED_SELECTOR = YES;
				GCC_WARN_UNINITIALIZED_AUTOS = YES_AGGRESSIVE;
				GCC_WARN_UNUSED_FUNCTION = YES;
				GCC_WARN_UNUSED_VARIABLE = YES;
				IPHONEOS_DEPLOYMENT_TARGET = 12.1;
				MTL_ENABLE_DEBUG_INFO = INCLUDE_SOURCE;
				MTL_FAST_MATH = YES;
				ONLY_ACTIVE_ARCH = YES;
				SDKROOT = iphoneos;
				SWIFT_ACTIVE_COMPILATION_CONDITIONS = DEBUG;
				SWIFT_OPTIMIZATION_LEVEL = "-Onone";
			};
			name = Debug;
		};
		6163220722370FB800FF1213 /* Release */ = {
			isa = XCBuildConfiguration;
			buildSettings = {
				ALWAYS_SEARCH_USER_PATHS = NO;
				CLANG_ANALYZER_NONNULL = YES;
				CLANG_ANALYZER_NUMBER_OBJECT_CONVERSION = YES_AGGRESSIVE;
				CLANG_CXX_LANGUAGE_STANDARD = "gnu++14";
				CLANG_CXX_LIBRARY = "libc++";
				CLANG_ENABLE_MODULES = YES;
				CLANG_ENABLE_OBJC_ARC = YES;
				CLANG_ENABLE_OBJC_WEAK = YES;
				CLANG_WARN_BLOCK_CAPTURE_AUTORELEASING = YES;
				CLANG_WARN_BOOL_CONVERSION = YES;
				CLANG_WARN_COMMA = YES;
				CLANG_WARN_CONSTANT_CONVERSION = YES;
				CLANG_WARN_DEPRECATED_OBJC_IMPLEMENTATIONS = YES;
				CLANG_WARN_DIRECT_OBJC_ISA_USAGE = YES_ERROR;
				CLANG_WARN_DOCUMENTATION_COMMENTS = YES;
				CLANG_WARN_EMPTY_BODY = YES;
				CLANG_WARN_ENUM_CONVERSION = YES;
				CLANG_WARN_INFINITE_RECURSION = YES;
				CLANG_WARN_INT_CONVERSION = YES;
				CLANG_WARN_NON_LITERAL_NULL_CONVERSION = YES;
				CLANG_WARN_OBJC_IMPLICIT_RETAIN_SELF = YES;
				CLANG_WARN_OBJC_LITERAL_CONVERSION = YES;
				CLANG_WARN_OBJC_ROOT_CLASS = YES_ERROR;
				CLANG_WARN_RANGE_LOOP_ANALYSIS = YES;
				CLANG_WARN_STRICT_PROTOTYPES = YES;
				CLANG_WARN_SUSPICIOUS_MOVE = YES;
				CLANG_WARN_UNGUARDED_AVAILABILITY = YES_AGGRESSIVE;
				CLANG_WARN_UNREACHABLE_CODE = YES;
				CLANG_WARN__DUPLICATE_METHOD_MATCH = YES;
				CODE_SIGN_IDENTITY = "iPhone Developer";
				COPY_PHASE_STRIP = NO;
				DEBUG_INFORMATION_FORMAT = "dwarf-with-dsym";
				ENABLE_NS_ASSERTIONS = NO;
				ENABLE_STRICT_OBJC_MSGSEND = YES;
				GCC_C_LANGUAGE_STANDARD = gnu11;
				GCC_NO_COMMON_BLOCKS = YES;
				GCC_WARN_64_TO_32_BIT_CONVERSION = YES;
				GCC_WARN_ABOUT_RETURN_TYPE = YES_ERROR;
				GCC_WARN_UNDECLARED_SELECTOR = YES;
				GCC_WARN_UNINITIALIZED_AUTOS = YES_AGGRESSIVE;
				GCC_WARN_UNUSED_FUNCTION = YES;
				GCC_WARN_UNUSED_VARIABLE = YES;
				IPHONEOS_DEPLOYMENT_TARGET = 12.1;
				MTL_ENABLE_DEBUG_INFO = NO;
				MTL_FAST_MATH = YES;
				SDKROOT = iphoneos;
				SWIFT_COMPILATION_MODE = wholemodule;
				SWIFT_OPTIMIZATION_LEVEL = "-O";
				VALIDATE_PRODUCT = YES;
			};
			name = Release;
		};
		6163220922370FB800FF1213 /* Debug */ = {
			isa = XCBuildConfiguration;
			baseConfigurationReference = 267659C7F81CE7DACA719451 /* Pods-Epic.debug.xcconfig */;
			buildSettings = {
				ASSETCATALOG_COMPILER_APPICON_NAME = AppIcon;
				CODE_SIGN_STYLE = Automatic;
				DEVELOPMENT_TEAM = B4WE2NR99U;
				INFOPLIST_FILE = Epic/Info.plist;
				LD_RUNPATH_SEARCH_PATHS = "$(inherited) @executable_path/Frameworks";
				PRODUCT_BUNDLE_IDENTIFIER = al.epic.Epic;
				PRODUCT_NAME = "$(TARGET_NAME)";
				SWIFT_VERSION = 4.2;
				TARGETED_DEVICE_FAMILY = "1,2";
			};
			name = Debug;
		};
		6163220A22370FB800FF1213 /* Release */ = {
			isa = XCBuildConfiguration;
			baseConfigurationReference = AA272AEDD4472C39251649AF /* Pods-Epic.release.xcconfig */;
			buildSettings = {
				ASSETCATALOG_COMPILER_APPICON_NAME = AppIcon;
				CODE_SIGN_STYLE = Automatic;
				DEVELOPMENT_TEAM = B4WE2NR99U;
				INFOPLIST_FILE = Epic/Info.plist;
				LD_RUNPATH_SEARCH_PATHS = "$(inherited) @executable_path/Frameworks";
				PRODUCT_BUNDLE_IDENTIFIER = al.epic.Epic;
				PRODUCT_NAME = "$(TARGET_NAME)";
				SWIFT_VERSION = 4.2;
				TARGETED_DEVICE_FAMILY = "1,2";
			};
			name = Release;
		};
/* End XCBuildConfiguration section */

/* Begin XCConfigurationList section */
		616321EE22370FB600FF1213 /* Build configuration list for PBXProject "Epic" */ = {
			isa = XCConfigurationList;
			buildConfigurations = (
				6163220622370FB800FF1213 /* Debug */,
				6163220722370FB800FF1213 /* Release */,
			);
			defaultConfigurationIsVisible = 0;
			defaultConfigurationName = Release;
		};
		6163220822370FB800FF1213 /* Build configuration list for PBXNativeTarget "Epic" */ = {
			isa = XCConfigurationList;
			buildConfigurations = (
				6163220922370FB800FF1213 /* Debug */,
				6163220A22370FB800FF1213 /* Release */,
			);
			defaultConfigurationIsVisible = 0;
			defaultConfigurationName = Release;
		};
/* End XCConfigurationList section */

/* Begin XCVersionGroup section */
		616321FD22370FB600FF1213 /* Epic.xcdatamodeld */ = {
			isa = XCVersionGroup;
			children = (
				616321FE22370FB600FF1213 /* Epic.xcdatamodel */,
			);
			currentVersion = 616321FE22370FB600FF1213 /* Epic.xcdatamodel */;
			path = Epic.xcdatamodeld;
			sourceTree = "<group>";
			versionGroupType = wrapper.xcdatamodel;
		};
/* End XCVersionGroup section */
	};
	rootObject = 616321EB22370FB600FF1213 /* Project object */;
}
